// !$*UTF8*$!
{
	archiveVersion = 1;
	classes = {
	};
	objectVersion = 52;
	objects = {

/* Begin PBXBuildFile section */
		B7FA402325EE383900563EDC /* LLVM.xcframework in Frameworks */ = {isa = PBXBuildFile; fileRef = B7FA402225EE383900563EDC /* LLVM.xcframework */; };
		C639E815254517EF004DB533 /* SampleApp.swift in Sources */ = {isa = PBXBuildFile; fileRef = C639E814254517EF004DB533 /* SampleApp.swift */; };
		C639E817254517EF004DB533 /* ContentView.swift in Sources */ = {isa = PBXBuildFile; fileRef = C639E816254517EF004DB533 /* ContentView.swift */; };
		C639E819254517F0004DB533 /* Assets.xcassets in Resources */ = {isa = PBXBuildFile; fileRef = C639E818254517F0004DB533 /* Assets.xcassets */; };
		C639E81C254517F0004DB533 /* Preview Assets.xcassets in Resources */ = {isa = PBXBuildFile; fileRef = C639E81B254517F0004DB533 /* Preview Assets.xcassets */; };
		C639E84525451C0A004DB533 /* Interpreter.cpp in Sources */ = {isa = PBXBuildFile; fileRef = C639E84225451C0A004DB533 /* Interpreter.cpp */; };
		C639E84625451C0A004DB533 /* LLVMBridge.mm in Sources */ = {isa = PBXBuildFile; fileRef = C639E84325451C0A004DB533 /* LLVMBridge.mm */; };
/* End PBXBuildFile section */

/* Begin PBXFileReference section */
		B76E87CD27C887770092565F /* build-tools.sh */ = {isa = PBXFileReference; lastKnownFileType = text.script.sh; path = "build-tools.sh"; sourceTree = SOURCE_ROOT; };
		B76E87CE27C887770092565F /* build-llvm.sh */ = {isa = PBXFileReference; lastKnownFileType = text.script.sh; path = "build-llvm.sh"; sourceTree = SOURCE_ROOT; };
		B76E87CF27C887770092565F /* README.md */ = {isa = PBXFileReference; lastKnownFileType = net.daringfireball.markdown; path = README.md; sourceTree = SOURCE_ROOT; };
		B7923BE027FAA1CE003DE86D /* main.yml */ = {isa = PBXFileReference; lastKnownFileType = text.yaml; name = main.yml; path = .github/workflows/main.yml; sourceTree = SOURCE_ROOT; };
		B7FA401A25EE377D00563EDC /* Sample.entitlements */ = {isa = PBXFileReference; lastKnownFileType = text.plist.entitlements; path = Sample.entitlements; sourceTree = "<group>"; };
		B7FA402225EE383900563EDC /* LLVM.xcframework */ = {isa = PBXFileReference; lastKnownFileType = wrapper.xcframework; path = LLVM.xcframework; sourceTree = "<group>"; };
		C639E811254517EF004DB533 /* Sample.app */ = {isa = PBXFileReference; explicitFileType = wrapper.application; includeInIndex = 0; path = Sample.app; sourceTree = BUILT_PRODUCTS_DIR; };
		C639E814254517EF004DB533 /* SampleApp.swift */ = {isa = PBXFileReference; lastKnownFileType = sourcecode.swift; path = SampleApp.swift; sourceTree = "<group>"; };
		C639E816254517EF004DB533 /* ContentView.swift */ = {isa = PBXFileReference; lastKnownFileType = sourcecode.swift; path = ContentView.swift; sourceTree = "<group>"; };
		C639E818254517F0004DB533 /* Assets.xcassets */ = {isa = PBXFileReference; lastKnownFileType = folder.assetcatalog; path = Assets.xcassets; sourceTree = "<group>"; };
		C639E81B254517F0004DB533 /* Preview Assets.xcassets */ = {isa = PBXFileReference; lastKnownFileType = folder.assetcatalog; path = "Preview Assets.xcassets"; sourceTree = "<group>"; };
		C639E81D254517F0004DB533 /* Info.plist */ = {isa = PBXFileReference; lastKnownFileType = text.plist.xml; path = Info.plist; sourceTree = "<group>"; };
		C639E84225451C0A004DB533 /* Interpreter.cpp */ = {isa = PBXFileReference; fileEncoding = 4; lastKnownFileType = sourcecode.cpp.cpp; path = Interpreter.cpp; sourceTree = "<group>"; };
		C639E84325451C0A004DB533 /* LLVMBridge.mm */ = {isa = PBXFileReference; fileEncoding = 4; lastKnownFileType = sourcecode.cpp.objcpp; path = LLVMBridge.mm; sourceTree = "<group>"; };
		C639E84425451C0A004DB533 /* LLVMBridge.h */ = {isa = PBXFileReference; fileEncoding = 4; lastKnownFileType = sourcecode.c.h; path = LLVMBridge.h; sourceTree = "<group>"; };
/* End PBXFileReference section */

/* Begin PBXFrameworksBuildPhase section */
		C639E80E254517EF004DB533 /* Frameworks */ = {
			isa = PBXFrameworksBuildPhase;
			buildActionMask = 2147483647;
			files = (
				B7FA402325EE383900563EDC /* LLVM.xcframework in Frameworks */,
			);
			runOnlyForDeploymentPostprocessing = 0;
		};
/* End PBXFrameworksBuildPhase section */

/* Begin PBXGroup section */
		B76E87CB27C887560092565F /* Scripts */ = {
			isa = PBXGroup;
			children = (
				B7923BE027FAA1CE003DE86D /* main.yml */,
				B76E87CE27C887770092565F /* build-llvm.sh */,
				B76E87CD27C887770092565F /* build-tools.sh */,
				B76E87CF27C887770092565F /* README.md */,
			);
			name = Scripts;
			sourceTree = "<group>";
		};
		B7FA402125EE383800563EDC /* Frameworks */ = {
			isa = PBXGroup;
			children = (
				B7FA402225EE383900563EDC /* LLVM.xcframework */,
			);
			name = Frameworks;
			sourceTree = "<group>";
		};
		C639E808254517EF004DB533 = {
			isa = PBXGroup;
			children = (
				C639E813254517EF004DB533 /* Sample */,
				C639E812254517EF004DB533 /* Products */,
				B7FA402125EE383800563EDC /* Frameworks */,
			);
			sourceTree = "<group>";
		};
		C639E812254517EF004DB533 /* Products */ = {
			isa = PBXGroup;
			children = (
				C639E811254517EF004DB533 /* Sample.app */,
			);
			name = Products;
			sourceTree = "<group>";
		};
		C639E813254517EF004DB533 /* Sample */ = {
			isa = PBXGroup;
			children = (
				B76E87CB27C887560092565F /* Scripts */,
				B7FA401A25EE377D00563EDC /* Sample.entitlements */,
				C639E84225451C0A004DB533 /* Interpreter.cpp */,
				C639E84425451C0A004DB533 /* LLVMBridge.h */,
				C639E84325451C0A004DB533 /* LLVMBridge.mm */,
				C639E814254517EF004DB533 /* SampleApp.swift */,
				C639E816254517EF004DB533 /* ContentView.swift */,
				C639E818254517F0004DB533 /* Assets.xcassets */,
				C639E81D254517F0004DB533 /* Info.plist */,
				C639E81A254517F0004DB533 /* Preview Content */,
			);
			path = Sample;
			sourceTree = "<group>";
		};
		C639E81A254517F0004DB533 /* Preview Content */ = {
			isa = PBXGroup;
			children = (
				C639E81B254517F0004DB533 /* Preview Assets.xcassets */,
			);
			path = "Preview Content";
			sourceTree = "<group>";
		};
/* End PBXGroup section */

/* Begin PBXNativeTarget section */
		C639E810254517EF004DB533 /* Sample */ = {
			isa = PBXNativeTarget;
			buildConfigurationList = C639E836254517F1004DB533 /* Build configuration list for PBXNativeTarget "Sample" */;
			buildPhases = (
				C639E80D254517EF004DB533 /* Sources */,
				C639E80E254517EF004DB533 /* Frameworks */,
				C639E80F254517EF004DB533 /* Resources */,
			);
			buildRules = (
			);
			dependencies = (
			);
			name = Sample;
			productName = Sample;
			productReference = C639E811254517EF004DB533 /* Sample.app */;
			productType = "com.apple.product-type.application";
		};
/* End PBXNativeTarget section */

/* Begin PBXProject section */
		C639E809254517EF004DB533 /* Project object */ = {
			isa = PBXProject;
			attributes = {
				LastSwiftUpdateCheck = 1210;
				LastUpgradeCheck = 1210;
				TargetAttributes = {
					C639E810254517EF004DB533 = {
						CreatedOnToolsVersion = 12.1;
						LastSwiftMigration = 1210;
					};
				};
			};
			buildConfigurationList = C639E80C254517EF004DB533 /* Build configuration list for PBXProject "Sample" */;
			compatibilityVersion = "Xcode 9.3";
			developmentRegion = en;
			hasScannedForEncodings = 0;
			knownRegions = (
				en,
				Base,
			);
			mainGroup = C639E808254517EF004DB533;
			productRefGroup = C639E812254517EF004DB533 /* Products */;
			projectDirPath = "";
			projectRoot = "";
			targets = (
				C639E810254517EF004DB533 /* Sample */,
			);
		};
/* End PBXProject section */

/* Begin PBXResourcesBuildPhase section */
		C639E80F254517EF004DB533 /* Resources */ = {
			isa = PBXResourcesBuildPhase;
			buildActionMask = 2147483647;
			files = (
				C639E81C254517F0004DB533 /* Preview Assets.xcassets in Resources */,
				C639E819254517F0004DB533 /* Assets.xcassets in Resources */,
			);
			runOnlyForDeploymentPostprocessing = 0;
		};
/* End PBXResourcesBuildPhase section */

/* Begin PBXSourcesBuildPhase section */
		C639E80D254517EF004DB533 /* Sources */ = {
			isa = PBXSourcesBuildPhase;
			buildActionMask = 2147483647;
			files = (
				C639E817254517EF004DB533 /* ContentView.swift in Sources */,
				C639E84625451C0A004DB533 /* LLVMBridge.mm in Sources */,
				C639E815254517EF004DB533 /* SampleApp.swift in Sources */,
				C639E84525451C0A004DB533 /* Interpreter.cpp in Sources */,
			);
			runOnlyForDeploymentPostprocessing = 0;
		};
/* End PBXSourcesBuildPhase section */

/* Begin XCBuildConfiguration section */
		C639E834254517F1004DB533 /* Debug */ = {
			isa = XCBuildConfiguration;
			buildSettings = {
				ALWAYS_SEARCH_USER_PATHS = NO;
				CLANG_ANALYZER_NONNULL = YES;
				CLANG_ANALYZER_NUMBER_OBJECT_CONVERSION = YES_AGGRESSIVE;
				CLANG_CXX_LANGUAGE_STANDARD = "gnu++14";
				CLANG_CXX_LIBRARY = "libc++";
				CLANG_ENABLE_MODULES = YES;
				CLANG_ENABLE_OBJC_ARC = YES;
				CLANG_ENABLE_OBJC_WEAK = YES;
				CLANG_WARN_BLOCK_CAPTURE_AUTORELEASING = YES;
				CLANG_WARN_BOOL_CONVERSION = YES;
				CLANG_WARN_COMMA = YES;
				CLANG_WARN_CONSTANT_CONVERSION = YES;
				CLANG_WARN_DEPRECATED_OBJC_IMPLEMENTATIONS = YES;
				CLANG_WARN_DIRECT_OBJC_ISA_USAGE = YES_ERROR;
				CLANG_WARN_DOCUMENTATION_COMMENTS = YES;
				CLANG_WARN_EMPTY_BODY = YES;
				CLANG_WARN_ENUM_CONVERSION = YES;
				CLANG_WARN_INFINITE_RECURSION = YES;
				CLANG_WARN_INT_CONVERSION = YES;
				CLANG_WARN_NON_LITERAL_NULL_CONVERSION = YES;
				CLANG_WARN_OBJC_IMPLICIT_RETAIN_SELF = YES;
				CLANG_WARN_OBJC_LITERAL_CONVERSION = YES;
				CLANG_WARN_OBJC_ROOT_CLASS = YES_ERROR;
				CLANG_WARN_QUOTED_INCLUDE_IN_FRAMEWORK_HEADER = YES;
				CLANG_WARN_RANGE_LOOP_ANALYSIS = YES;
				CLANG_WARN_STRICT_PROTOTYPES = YES;
				CLANG_WARN_SUSPICIOUS_MOVE = YES;
				CLANG_WARN_UNGUARDED_AVAILABILITY = YES_AGGRESSIVE;
				CLANG_WARN_UNREACHABLE_CODE = YES;
				CLANG_WARN__DUPLICATE_METHOD_MATCH = YES;
				COPY_PHASE_STRIP = NO;
				DEBUG_INFORMATION_FORMAT = dwarf;
				ENABLE_STRICT_OBJC_MSGSEND = YES;
				ENABLE_TESTABILITY = YES;
				GCC_C_LANGUAGE_STANDARD = gnu11;
				GCC_DYNAMIC_NO_PIC = NO;
				GCC_NO_COMMON_BLOCKS = YES;
				GCC_OPTIMIZATION_LEVEL = 0;
				GCC_PREPROCESSOR_DEFINITIONS = (
					"DEBUG=1",
					"$(inherited)",
				);
				GCC_WARN_64_TO_32_BIT_CONVERSION = YES;
				GCC_WARN_ABOUT_RETURN_TYPE = YES_ERROR;
				GCC_WARN_UNDECLARED_SELECTOR = YES;
				GCC_WARN_UNINITIALIZED_AUTOS = YES_AGGRESSIVE;
				GCC_WARN_UNUSED_FUNCTION = YES;
				GCC_WARN_UNUSED_VARIABLE = YES;
				IPHONEOS_DEPLOYMENT_TARGET = 14.1;
				MTL_ENABLE_DEBUG_INFO = INCLUDE_SOURCE;
				MTL_FAST_MATH = YES;
				ONLY_ACTIVE_ARCH = YES;
				SDKROOT = iphoneos;
				SWIFT_ACTIVE_COMPILATION_CONDITIONS = DEBUG;
				SWIFT_OPTIMIZATION_LEVEL = "-Onone";
			};
			name = Debug;
		};
		C639E835254517F1004DB533 /* Release */ = {
			isa = XCBuildConfiguration;
			buildSettings = {
				ALWAYS_SEARCH_USER_PATHS = NO;
				CLANG_ANALYZER_NONNULL = YES;
				CLANG_ANALYZER_NUMBER_OBJECT_CONVERSION = YES_AGGRESSIVE;
				CLANG_CXX_LANGUAGE_STANDARD = "gnu++14";
				CLANG_CXX_LIBRARY = "libc++";
				CLANG_ENABLE_MODULES = YES;
				CLANG_ENABLE_OBJC_ARC = YES;
				CLANG_ENABLE_OBJC_WEAK = YES;
				CLANG_WARN_BLOCK_CAPTURE_AUTORELEASING = YES;
				CLANG_WARN_BOOL_CONVERSION = YES;
				CLANG_WARN_COMMA = YES;
				CLANG_WARN_CONSTANT_CONVERSION = YES;
				CLANG_WARN_DEPRECATED_OBJC_IMPLEMENTATIONS = YES;
				CLANG_WARN_DIRECT_OBJC_ISA_USAGE = YES_ERROR;
				CLANG_WARN_DOCUMENTATION_COMMENTS = YES;
				CLANG_WARN_EMPTY_BODY = YES;
				CLANG_WARN_ENUM_CONVERSION = YES;
				CLANG_WARN_INFINITE_RECURSION = YES;
				CLANG_WARN_INT_CONVERSION = YES;
				CLANG_WARN_NON_LITERAL_NULL_CONVERSION = YES;
				CLANG_WARN_OBJC_IMPLICIT_RETAIN_SELF = YES;
				CLANG_WARN_OBJC_LITERAL_CONVERSION = YES;
				CLANG_WARN_OBJC_ROOT_CLASS = YES_ERROR;
				CLANG_WARN_QUOTED_INCLUDE_IN_FRAMEWORK_HEADER = YES;
				CLANG_WARN_RANGE_LOOP_ANALYSIS = YES;
				CLANG_WARN_STRICT_PROTOTYPES = YES;
				CLANG_WARN_SUSPICIOUS_MOVE = YES;
				CLANG_WARN_UNGUARDED_AVAILABILITY = YES_AGGRESSIVE;
				CLANG_WARN_UNREACHABLE_CODE = YES;
				CLANG_WARN__DUPLICATE_METHOD_MATCH = YES;
				COPY_PHASE_STRIP = NO;
				DEBUG_INFORMATION_FORMAT = "dwarf-with-dsym";
				ENABLE_NS_ASSERTIONS = NO;
				ENABLE_STRICT_OBJC_MSGSEND = YES;
				GCC_C_LANGUAGE_STANDARD = gnu11;
				GCC_NO_COMMON_BLOCKS = YES;
				GCC_WARN_64_TO_32_BIT_CONVERSION = YES;
				GCC_WARN_ABOUT_RETURN_TYPE = YES_ERROR;
				GCC_WARN_UNDECLARED_SELECTOR = YES;
				GCC_WARN_UNINITIALIZED_AUTOS = YES_AGGRESSIVE;
				GCC_WARN_UNUSED_FUNCTION = YES;
				GCC_WARN_UNUSED_VARIABLE = YES;
				IPHONEOS_DEPLOYMENT_TARGET = 14.1;
				MTL_ENABLE_DEBUG_INFO = NO;
				MTL_FAST_MATH = YES;
				SDKROOT = iphoneos;
				SWIFT_COMPILATION_MODE = wholemodule;
				SWIFT_OPTIMIZATION_LEVEL = "-O";
				VALIDATE_PRODUCT = YES;
			};
			name = Release;
		};
		C639E837254517F1004DB533 /* Debug */ = {
			isa = XCBuildConfiguration;
			buildSettings = {
				ASSETCATALOG_COMPILER_APPICON_NAME = AppIcon;
				ASSETCATALOG_COMPILER_GLOBAL_ACCENT_COLOR_NAME = AccentColor;
				CLANG_ENABLE_MODULES = YES;
				CODE_SIGN_ENTITLEMENTS = Sample/Sample.entitlements;
				"CODE_SIGN_IDENTITY[sdk=macosx*]" = "-";
				CODE_SIGN_STYLE = Automatic;
				DEVELOPMENT_ASSET_PATHS = "\"Sample/Preview Content\"";
				ENABLE_BITCODE = NO;
				ENABLE_PREVIEWS = YES;
				HEADER_SEARCH_PATHS = "";
				INFOPLIST_FILE = Sample/Info.plist;
				IPHONEOS_DEPLOYMENT_TARGET = 14.1;
				LD_RUNPATH_SEARCH_PATHS = (
					"$(inherited)",
					"@executable_path/Frameworks",
				);
				LIBRARY_SEARCH_PATHS = "$(inherited)";
				PRODUCT_BUNDLE_IDENTIFIER = com.lightech.Sample;
				PRODUCT_NAME = "$(TARGET_NAME)";
				SUPPORTS_MACCATALYST = YES;
				SWIFT_OBJC_BRIDGING_HEADER = Sample/LLVMBridge.h;
				SWIFT_OPTIMIZATION_LEVEL = "-Onone";
				SWIFT_VERSION = 5.0;
				TARGETED_DEVICE_FAMILY = "1,2,6";
			};
			name = Debug;
		};
		C639E838254517F1004DB533 /* Release */ = {
			isa = XCBuildConfiguration;
			buildSettings = {
				ASSETCATALOG_COMPILER_APPICON_NAME = AppIcon;
				ASSETCATALOG_COMPILER_GLOBAL_ACCENT_COLOR_NAME = AccentColor;
				CLANG_ENABLE_MODULES = YES;
				CODE_SIGN_ENTITLEMENTS = Sample/Sample.entitlements;
				"CODE_SIGN_IDENTITY[sdk=macosx*]" = "-";
				CODE_SIGN_STYLE = Automatic;
				DEVELOPMENT_ASSET_PATHS = "\"Sample/Preview Content\"";
				ENABLE_BITCODE = NO;
				ENABLE_PREVIEWS = YES;
				HEADER_SEARCH_PATHS = "";
				INFOPLIST_FILE = Sample/Info.plist;
				IPHONEOS_DEPLOYMENT_TARGET = 14.1;
				LD_RUNPATH_SEARCH_PATHS = (
					"$(inherited)",
					"@executable_path/Frameworks",
				);
				LIBRARY_SEARCH_PATHS = "$(inherited)";
				PRODUCT_BUNDLE_IDENTIFIER = com.lightech.Sample;
				PRODUCT_NAME = "$(TARGET_NAME)";
				SUPPORTS_MACCATALYST = YES;
				SWIFT_OBJC_BRIDGING_HEADER = Sample/LLVMBridge.h;
				SWIFT_VERSION = 5.0;
				TARGETED_DEVICE_FAMILY = "1,2,6";
			};
			name = Release;
		};
/* End XCBuildConfiguration section */

/* Begin XCConfigurationList section */
		C639E80C254517EF004DB533 /* Build configuration list for PBXProject "Sample" */ = {
			isa = XCConfigurationList;
			buildConfigurations = (
				C639E834254517F1004DB533 /* Debug */,
				C639E835254517F1004DB533 /* Release */,
			);
			defaultConfigurationIsVisible = 0;
			defaultConfigurationName = Release;
		};
		C639E836254517F1004DB533 /* Build configuration list for PBXNativeTarget "Sample" */ = {
			isa = XCConfigurationList;
			buildConfigurations = (
				C639E837254517F1004DB533 /* Debug */,
				C639E838254517F1004DB533 /* Release */,
			);
			defaultConfigurationIsVisible = 0;
			defaultConfigurationName = Release;
		};
/* End XCConfigurationList section */
	};
	rootObject = C639E809254517EF004DB533 /* Project object */;
}
